
Microsoft Visual Studio Solution File, Format Version 12.00
# Visual Studio Version 17
VisualStudioVersion = 17.9.34728.123
MinimumVisualStudioVersion = 10.0.40219.1
Project("{FAE04EC0-301F-11D3-BF4B-00C04F79EFBC}") = "InvoiceSystem", "InvoiceSystem\InvoiceSystem.csproj", "{111F1C9E-A11A-44A7-AA1D-9F06FEA34EB0}"
EndProject
Global
	GlobalSection(SolutionConfigurationPlatforms) = preSolution
		Debug|Any CPU = Debug|Any CPU
		Release|Any CPU = Release|Any CPU
	EndGlobalSection
	GlobalSection(ProjectConfigurationPlatforms) = postSolution
		{111F1C9E-A11A-44A7-AA1D-9F06FEA34EB0}.Debug|Any CPU.ActiveCfg = Debug|Any CPU
		{111F1C9E-A11A-44A7-AA1D-9F06FEA34EB0}.Debug|Any CPU.Build.0 = Debug|Any CPU
		{111F1C9E-A11A-44A7-AA1D-9F06FEA34EB0}.Release|Any CPU.ActiveCfg = Release|Any CPU
		{111F1C9E-A11A-44A7-AA1D-9F06FEA34EB0}.Release|Any CPU.Build.0 = Release|Any CPU
	EndGlobalSection
	GlobalSection(SolutionProperties) = preSolution
		HideSolutionNode = FALSE
	EndGlobalSection
	GlobalSection(ExtensibilityGlobals) = postSolution
		SolutionGuid = {050CE791-1787-4EEC-98D1-B34C0B06FF4D}
	EndGlobalSection
EndGlobal
